
Microsoft Visual Studio Solution File, Format Version 12.00
# Visual Studio Version 17
VisualStudioVersion = 17.4.33110.190
MinimumVisualStudioVersion = 10.0.40219.1
Project("{2150E333-8FDC-42A3-9474-1A3956D46DE8}") = "Application", "Application", "{7AF1D2D2-C70C-42B8-87E8-1DC0F9828D39}"
EndProject
Project("{2150E333-8FDC-42A3-9474-1A3956D46DE8}") = "Domain", "Domain", "{0C13D58A-1F34-4025-AB33-2190999EC829}"
EndProject
Project("{2150E333-8FDC-42A3-9474-1A3956D46DE8}") = "Infraestructure", "Infraestructure", "{AB0BF7B8-BAF6-4D63-9A21-F7490BD92EBB}"
EndProject
Project("{2150E333-8FDC-42A3-9474-1A3956D46DE8}") = "Services", "Services", "{2EE0C9D3-FA39-43C7-8FF2-ADF2084FD338}"
EndProject
Project("{2150E333-8FDC-42A3-9474-1A3956D46DE8}") = "Utilities", "Utilities", "{164575D5-D6B3-410D-A879-B5572D6ABB0E}"
EndProject
Project("{FAE04EC0-301F-11D3-BF4B-00C04F79EFBC}") = "CLINICAL.Domain", "src\CLINICAL.Domain\CLINICAL.Domain.csproj", "{8A2512F4-2C41-4477-A5AD-38BF3626C1A0}"
EndProject
Project("{FAE04EC0-301F-11D3-BF4B-00C04F79EFBC}") = "CLINICAL.Infraestructure", "src\CLINICAL.Infraestructure\CLINICAL.Infraestructure.csproj", "{016F20B6-CB06-419A-92B5-B4CD30702D18}"
EndProject
Project("{FAE04EC0-301F-11D3-BF4B-00C04F79EFBC}") = "CLINICAL.Persistence", "src\CLINICAL.Persistence\CLINICAL.Persistence.csproj", "{0F1E7583-2C71-4451-BA4F-FFB2C91F500E}"
EndProject
Project("{FAE04EC0-301F-11D3-BF4B-00C04F79EFBC}") = "CLINICAL.Application.Dto", "src\CLINICAL.Application.Dto\CLINICAL.Application.Dto.csproj", "{CA2FA210-F2F7-493C-B466-42E833C40522}"
EndProject
Project("{FAE04EC0-301F-11D3-BF4B-00C04F79EFBC}") = "CLINICAL.Application.Interface", "src\CLINICAL.Application.Interface\CLINICAL.Application.Interface.csproj", "{9E8687D8-989F-4542-AF0C-A71402CF7C72}"
EndProject
Project("{FAE04EC0-301F-11D3-BF4B-00C04F79EFBC}") = "CLINICAL.Application.UseCase", "src\CLINICAL.Application.UseCase\CLINICAL.Application.UseCase.csproj", "{69ABED03-461D-4532-BD72-A93E0C60AC0F}"
EndProject
Project("{FAE04EC0-301F-11D3-BF4B-00C04F79EFBC}") = "CLINICAL.Api", "src\CLINICAL.Api\CLINICAL.Api.csproj", "{EDE4D040-381C-4F7A-94D4-D742AD631E95}"
EndProject
Project("{FAE04EC0-301F-11D3-BF4B-00C04F79EFBC}") = "CLINICAL.Utilities", "src\CLINICAL.Utilities\CLINICAL.Utilities.csproj", "{C4FB75CC-27F7-491A-B606-3E8945DF4E94}"
EndProject
Global
	GlobalSection(SolutionConfigurationPlatforms) = preSolution
		Debug|Any CPU = Debug|Any CPU
		Release|Any CPU = Release|Any CPU
	EndGlobalSection
	GlobalSection(ProjectConfigurationPlatforms) = postSolution
		{8A2512F4-2C41-4477-A5AD-38BF3626C1A0}.Debug|Any CPU.ActiveCfg = Debug|Any CPU
		{8A2512F4-2C41-4477-A5AD-38BF3626C1A0}.Debug|Any CPU.Build.0 = Debug|Any CPU
		{8A2512F4-2C41-4477-A5AD-38BF3626C1A0}.Release|Any CPU.ActiveCfg = Release|Any CPU
		{8A2512F4-2C41-4477-A5AD-38BF3626C1A0}.Release|Any CPU.Build.0 = Release|Any CPU
		{016F20B6-CB06-419A-92B5-B4CD30702D18}.Debug|Any CPU.ActiveCfg = Debug|Any CPU
		{016F20B6-CB06-419A-92B5-B4CD30702D18}.Debug|Any CPU.Build.0 = Debug|Any CPU
		{016F20B6-CB06-419A-92B5-B4CD30702D18}.Release|Any CPU.ActiveCfg = Release|Any CPU
		{016F20B6-CB06-419A-92B5-B4CD30702D18}.Release|Any CPU.Build.0 = Release|Any CPU
		{0F1E7583-2C71-4451-BA4F-FFB2C91F500E}.Debug|Any CPU.ActiveCfg = Debug|Any CPU
		{0F1E7583-2C71-4451-BA4F-FFB2C91F500E}.Debug|Any CPU.Build.0 = Debug|Any CPU
		{0F1E7583-2C71-4451-BA4F-FFB2C91F500E}.Release|Any CPU.ActiveCfg = Release|Any CPU
		{0F1E7583-2C71-4451-BA4F-FFB2C91F500E}.Release|Any CPU.Build.0 = Release|Any CPU
		{CA2FA210-F2F7-493C-B466-42E833C40522}.Debug|Any CPU.ActiveCfg = Debug|Any CPU
		{CA2FA210-F2F7-493C-B466-42E833C40522}.Debug|Any CPU.Build.0 = Debug|Any CPU
		{CA2FA210-F2F7-493C-B466-42E833C40522}.Release|Any CPU.ActiveCfg = Release|Any CPU
		{CA2FA210-F2F7-493C-B466-42E833C40522}.Release|Any CPU.Build.0 = Release|Any CPU
		{9E8687D8-989F-4542-AF0C-A71402CF7C72}.Debug|Any CPU.ActiveCfg = Debug|Any CPU
		{9E8687D8-989F-4542-AF0C-A71402CF7C72}.Debug|Any CPU.Build.0 = Debug|Any CPU
		{9E8687D8-989F-4542-AF0C-A71402CF7C72}.Release|Any CPU.ActiveCfg = Release|Any CPU
		{9E8687D8-989F-4542-AF0C-A71402CF7C72}.Release|Any CPU.Build.0 = Release|Any CPU
		{69ABED03-461D-4532-BD72-A93E0C60AC0F}.Debug|Any CPU.ActiveCfg = Debug|Any CPU
		{69ABED03-461D-4532-BD72-A93E0C60AC0F}.Debug|Any CPU.Build.0 = Debug|Any CPU
		{69ABED03-461D-4532-BD72-A93E0C60AC0F}.Release|Any CPU.ActiveCfg = Release|Any CPU
		{69ABED03-461D-4532-BD72-A93E0C60AC0F}.Release|Any CPU.Build.0 = Release|Any CPU
		{EDE4D040-381C-4F7A-94D4-D742AD631E95}.Debug|Any CPU.ActiveCfg = Debug|Any CPU
		{EDE4D040-381C-4F7A-94D4-D742AD631E95}.Debug|Any CPU.Build.0 = Debug|Any CPU
		{EDE4D040-381C-4F7A-94D4-D742AD631E95}.Release|Any CPU.ActiveCfg = Release|Any CPU
		{EDE4D040-381C-4F7A-94D4-D742AD631E95}.Release|Any CPU.Build.0 = Release|Any CPU
		{C4FB75CC-27F7-491A-B606-3E8945DF4E94}.Debug|Any CPU.ActiveCfg = Debug|Any CPU
		{C4FB75CC-27F7-491A-B606-3E8945DF4E94}.Debug|Any CPU.Build.0 = Debug|Any CPU
		{C4FB75CC-27F7-491A-B606-3E8945DF4E94}.Release|Any CPU.ActiveCfg = Release|Any CPU
		{C4FB75CC-27F7-491A-B606-3E8945DF4E94}.Release|Any CPU.Build.0 = Release|Any CPU
	EndGlobalSection
	GlobalSection(SolutionProperties) = preSolution
		HideSolutionNode = FALSE
	EndGlobalSection
	GlobalSection(NestedProjects) = preSolution
		{8A2512F4-2C41-4477-A5AD-38BF3626C1A0} = {0C13D58A-1F34-4025-AB33-2190999EC829}
		{016F20B6-CB06-419A-92B5-B4CD30702D18} = {AB0BF7B8-BAF6-4D63-9A21-F7490BD92EBB}
		{0F1E7583-2C71-4451-BA4F-FFB2C91F500E} = {AB0BF7B8-BAF6-4D63-9A21-F7490BD92EBB}
		{CA2FA210-F2F7-493C-B466-42E833C40522} = {7AF1D2D2-C70C-42B8-87E8-1DC0F9828D39}
		{9E8687D8-989F-4542-AF0C-A71402CF7C72} = {7AF1D2D2-C70C-42B8-87E8-1DC0F9828D39}
		{69ABED03-461D-4532-BD72-A93E0C60AC0F} = {7AF1D2D2-C70C-42B8-87E8-1DC0F9828D39}
		{EDE4D040-381C-4F7A-94D4-D742AD631E95} = {2EE0C9D3-FA39-43C7-8FF2-ADF2084FD338}
		{C4FB75CC-27F7-491A-B606-3E8945DF4E94} = {164575D5-D6B3-410D-A879-B5572D6ABB0E}
	EndGlobalSection
	GlobalSection(ExtensibilityGlobals) = postSolution
		SolutionGuid = {402F07B6-9ABD-444B-9742-75F58895BB23}
	EndGlobalSection
EndGlobal
